
Microsoft Visual Studio Solution File, Format Version 12.00
# Visual Studio Version 16
VisualStudioVersion = 16.0.32228.343
MinimumVisualStudioVersion = 10.0.40219.1
Project("{9A19103F-16F7-4668-BE54-9A1E7A4F7556}") = "Template", "Template.csproj", "{322903FD-F3F5-46A2-BC1C-02C6448762AA}"
EndProject
Project("{2150E333-8FDC-42A3-9474-1A3956D46DE8}") = "Web", "Web", "{7E516963-076D-46CF-AF4D-A6F43ACF01EA}"
EndProject
Project("{2150E333-8FDC-42A3-9474-1A3956D46DE8}") = "Domain", "Domain", "{E250122F-9791-4EE1-92C5-241A9280C2DD}"
EndProject
Project("{2150E333-8FDC-42A3-9474-1A3956D46DE8}") = "Infra", "Infra", "{2B61B089-9A49-4962-8688-F983A3DD4A30}"
EndProject
Project("{2150E333-8FDC-42A3-9474-1A3956D46DE8}") = "Aplication", "Aplication", "{DF932BF7-E546-40E7-908B-4027FE51879A}"
EndProject
Project("{9A19103F-16F7-4668-BE54-9A1E7A4F7556}") = "Template.Aplication", "..\Template.Aplication\Template.Aplication.csproj", "{694D785F-A8DA-40C8-97B5-2AABA73474AB}"
EndProject
Project("{9A19103F-16F7-4668-BE54-9A1E7A4F7556}") = "Template.Domain", "..\Template.Domain\Template.Domain.csproj", "{358D6F0C-8B1E-405C-9724-7E004CFBD4ED}"
EndProject
Project("{2150E333-8FDC-42A3-9474-1A3956D46DE8}") = "Data", "Data", "{82AC2999-721D-4DDA-96AD-9BF8FBAF3437}"
EndProject
Project("{9A19103F-16F7-4668-BE54-9A1E7A4F7556}") = "Template.Data", "..\Template.Data\Template.Data.csproj", "{9E635C15-F02E-4C1D-98A9-894BAACA4CC4}"
EndProject
Project("{2150E333-8FDC-42A3-9474-1A3956D46DE8}") = "CrossCutting", "CrossCutting", "{7220052F-6106-40CA-B477-759CF99269C3}"
EndProject
Project("{2150E333-8FDC-42A3-9474-1A3956D46DE8}") = "CrossCautting", "CrossCautting", "{F6C7C778-D3A9-4B85-B944-EB82E17F95E8}"
EndProject
Global
	GlobalSection(SolutionConfigurationPlatforms) = preSolution
		Debug|Any CPU = Debug|Any CPU
		Release|Any CPU = Release|Any CPU
	EndGlobalSection
	GlobalSection(ProjectConfigurationPlatforms) = postSolution
		{322903FD-F3F5-46A2-BC1C-02C6448762AA}.Debug|Any CPU.ActiveCfg = Debug|Any CPU
		{322903FD-F3F5-46A2-BC1C-02C6448762AA}.Debug|Any CPU.Build.0 = Debug|Any CPU
		{322903FD-F3F5-46A2-BC1C-02C6448762AA}.Release|Any CPU.ActiveCfg = Release|Any CPU
		{322903FD-F3F5-46A2-BC1C-02C6448762AA}.Release|Any CPU.Build.0 = Release|Any CPU
		{694D785F-A8DA-40C8-97B5-2AABA73474AB}.Debug|Any CPU.ActiveCfg = Debug|Any CPU
		{694D785F-A8DA-40C8-97B5-2AABA73474AB}.Debug|Any CPU.Build.0 = Debug|Any CPU
		{694D785F-A8DA-40C8-97B5-2AABA73474AB}.Release|Any CPU.ActiveCfg = Release|Any CPU
		{694D785F-A8DA-40C8-97B5-2AABA73474AB}.Release|Any CPU.Build.0 = Release|Any CPU
		{358D6F0C-8B1E-405C-9724-7E004CFBD4ED}.Debug|Any CPU.ActiveCfg = Debug|Any CPU
		{358D6F0C-8B1E-405C-9724-7E004CFBD4ED}.Debug|Any CPU.Build.0 = Debug|Any CPU
		{358D6F0C-8B1E-405C-9724-7E004CFBD4ED}.Release|Any CPU.ActiveCfg = Release|Any CPU
		{358D6F0C-8B1E-405C-9724-7E004CFBD4ED}.Release|Any CPU.Build.0 = Release|Any CPU
		{9E635C15-F02E-4C1D-98A9-894BAACA4CC4}.Debug|Any CPU.ActiveCfg = Debug|Any CPU
		{9E635C15-F02E-4C1D-98A9-894BAACA4CC4}.Debug|Any CPU.Build.0 = Debug|Any CPU
		{9E635C15-F02E-4C1D-98A9-894BAACA4CC4}.Release|Any CPU.ActiveCfg = Release|Any CPU
		{9E635C15-F02E-4C1D-98A9-894BAACA4CC4}.Release|Any CPU.Build.0 = Release|Any CPU
	EndGlobalSection
	GlobalSection(SolutionProperties) = preSolution
		HideSolutionNode = FALSE
	EndGlobalSection
	GlobalSection(NestedProjects) = preSolution
		{322903FD-F3F5-46A2-BC1C-02C6448762AA} = {7E516963-076D-46CF-AF4D-A6F43ACF01EA}
		{694D785F-A8DA-40C8-97B5-2AABA73474AB} = {DF932BF7-E546-40E7-908B-4027FE51879A}
		{358D6F0C-8B1E-405C-9724-7E004CFBD4ED} = {E250122F-9791-4EE1-92C5-241A9280C2DD}
		{82AC2999-721D-4DDA-96AD-9BF8FBAF3437} = {2B61B089-9A49-4962-8688-F983A3DD4A30}
		{9E635C15-F02E-4C1D-98A9-894BAACA4CC4} = {82AC2999-721D-4DDA-96AD-9BF8FBAF3437}
		{7220052F-6106-40CA-B477-759CF99269C3} = {2B61B089-9A49-4962-8688-F983A3DD4A30}
		{F6C7C778-D3A9-4B85-B944-EB82E17F95E8} = {2B61B089-9A49-4962-8688-F983A3DD4A30}
	EndGlobalSection
	GlobalSection(ExtensibilityGlobals) = postSolution
		SolutionGuid = {8433F34C-B4E7-4693-AE73-D9F132B89D5D}
	EndGlobalSection
EndGlobal
